Microsoft Visual Studio Solution File, Format Version 12.00
# Visual Studio Version 17
VisualStudioVersion = 17.11.35312.102
MinimumVisualStudioVersion = 10.0.40219.1
Project("{2150E333-8FDC-42A3-9474-1A3956D46DE8}") = "Solution Items", "Solution Items", "{165B1A72-5469-4BE1-9699-F6308CB590E5}"
	ProjectSection(SolutionItems) = preProject
		.gitignore = .gitignore
		LICENSE = LICENSE
		README.md = README.md
	EndProjectSection
EndProject
Project("{FAE04EC0-301F-11D3-BF4B-00C04F79EFBC}") = "Day-01-Sonar-Sweep", "Day-01-Sonar-Sweep\Day-01-Sonar-Sweep.csproj", "{471E1093-1B40-F0E4-1056-5D4DC73B1747}"
EndProject
Project("{FAE04EC0-301F-11D3-BF4B-00C04F79EFBC}") = "Day-02-Dive!", "Day-02-Dive!\Day-02-Dive!.csproj", "{2CC69829-B403-D735-2439-0168010023FF}"
EndProject
Project("{FAE04EC0-301F-11D3-BF4B-00C04F79EFBC}") = "Day-03-Binary-Diagnostic", "Day-03-Binary-Diagnostic\Day-03-Binary-Diagnostic.csproj", "{6876C67A-047E-EB9D-53BA-3C2930290B0A}"
EndProject
Project("{FAE04EC0-301F-11D3-BF4B-00C04F79EFBC}") = "Day-04-Giant-Squid", "Day-04-Giant-Squid\Day-04-Giant-Squid.csproj", "{72652A8E-16B1-412C-4A63-5D85A1F3FA68}"
EndProject
Project("{FAE04EC0-301F-11D3-BF4B-00C04F79EFBC}") = "Day-05-Hydrothermal-Venture", "Day-05-Hydrothermal-Venture\Day-05-Hydrothermal-Venture.csproj", "{EDF0E386-6FC4-E5F3-BC81-EA10B96B89CE}"
EndProject
Project("{FAE04EC0-301F-11D3-BF4B-00C04F79EFBC}") = "Day-06-Lanternfish", "Day-06-Lanternfish\Day-06-Lanternfish.csproj", "{BC54AB20-6329-52EE-9303-6E320DBB0703}"
EndProject
Project("{FAE04EC0-301F-11D3-BF4B-00C04F79EFBC}") = "Day-07-The-Treachery-of-Whales", "Day-07-The-Treachery-of-Whales\Day-07-The-Treachery-of-Whales.csproj", "{F08E3176-BE9A-E239-CD18-703EB9AF6D0C}"
EndProject
Project("{FAE04EC0-301F-11D3-BF4B-00C04F79EFBC}") = "Day-08-Seven-Segment-Search", "Day-08-Seven-Segment-Search\Day-08-Seven-Segment-Search.csproj", "{E431985A-603C-A417-C6B3-527D6F130362}"
EndProject
Project("{FAE04EC0-301F-11D3-BF4B-00C04F79EFBC}") = "Day-09-Smoke-Basin", "Day-09-Smoke-Basin\Day-09-Smoke-Basin.csproj", "{247AF59D-8CDE-0ED0-947D-02D8374972D0}"
EndProject
Project("{FAE04EC0-301F-11D3-BF4B-00C04F79EFBC}") = "Day-10-Syntax-Scoring", "Day-10-Syntax-Scoring\Day-10-Syntax-Scoring.csproj", "{8A8BFD74-377A-2439-EB76-072C72A64130}"
EndProject
Project("{FAE04EC0-301F-11D3-BF4B-00C04F79EFBC}") = "Day-11-Dumbo-Octopus", "Day-11-Dumbo-Octopus\Day-11-Dumbo-Octopus.csproj", "{B8B56CCA-81F9-6F39-9AD0-FF6D7D514224}"
EndProject
Project("{FAE04EC0-301F-11D3-BF4B-00C04F79EFBC}") = "Day-12-Passage-Pathing", "Day-12-Passage-Pathing\Day-12-Passage-Pathing.csproj", "{3A0E5395-51BC-7B26-B551-8CA13F7C6B61}"
EndProject
Project("{FAE04EC0-301F-11D3-BF4B-00C04F79EFBC}") = "Day-13-Transparent-Origami", "Day-13-Transparent-Origami\Day-13-Transparent-Origami.csproj", "{253ED379-7044-8055-5F28-2AE55CE90F27}"
EndProject
Project("{FAE04EC0-301F-11D3-BF4B-00C04F79EFBC}") = "Day-14-Extended-Polymerization", "Day-14-Extended-Polymerization\Day-14-Extended-Polymerization.csproj", "{01CF2E1E-8A4B-D1CA-F270-C544934B3DEE}"
EndProject
Project("{FAE04EC0-301F-11D3-BF4B-00C04F79EFBC}") = "Day-15-Chiton", "Day-15-Chiton\Day-15-Chiton.csproj", "{AE0C7E1D-2387-18F0-F3D5-05AC2F2443A6}"
EndProject
Project("{FAE04EC0-301F-11D3-BF4B-00C04F79EFBC}") = "Day-16-Packet-Decoder", "Day-16-Packet-Decoder\Day-16-Packet-Decoder.csproj", "{0CF6EA4D-EFFD-477C-6958-2E8DAB4CF400}"
EndProject
Project("{FAE04EC0-301F-11D3-BF4B-00C04F79EFBC}") = "Day-17-Trick-Shot", "Day-17-Trick-Shot\Day-17-Trick-Shot.csproj", "{6EF6BAE3-73DF-2007-1226-61FA57C22C61}"
EndProject
Project("{FAE04EC0-301F-11D3-BF4B-00C04F79EFBC}") = "Day-18-Snailfish", "Day-18-Snailfish\Day-18-Snailfish.csproj", "{ED8477E5-DE07-928D-E36A-5CF1FE1D6DCB}"
EndProject
Project("{FAE04EC0-301F-11D3-BF4B-00C04F79EFBC}") = "Day-19-Beacon-Scanner", "Day-19-Beacon-Scanner\Day-19-Beacon-Scanner.csproj", "{32358F61-A513-F659-880D-1261F26AAA3F}"
EndProject
Project("{FAE04EC0-301F-11D3-BF4B-00C04F79EFBC}") = "Day-20-Trench-Map", "Day-20-Trench-Map\Day-20-Trench-Map.csproj", "{F2184441-13D5-9F51-5FD9-EA176937695D}"
EndProject
Project("{FAE04EC0-301F-11D3-BF4B-00C04F79EFBC}") = "Day-21-Dirac-Dice", "Day-21-Dirac-Dice\Day-21-Dirac-Dice.csproj", "{A5FC0CCE-42C5-991A-FD52-12874149D366}"
EndProject
Project("{FAE04EC0-301F-11D3-BF4B-00C04F79EFBC}") = "Day-22-Reactor-Reboot", "Day-22-Reactor-Reboot\Day-22-Reactor-Reboot.csproj", "{9A232A7B-F4FB-736F-A774-BED72BA58E28}"
EndProject
Project("{FAE04EC0-301F-11D3-BF4B-00C04F79EFBC}") = "Day-23-Amphipod", "Day-23-Amphipod\Day-23-Amphipod.csproj", "{D66D2E06-5F98-93F1-2D4D-C8E140C4B5A5}"
EndProject
Project("{FAE04EC0-301F-11D3-BF4B-00C04F79EFBC}") = "Day-24-Arithmetic-Logic-Unit", "Day-24-Arithmetic-Logic-Unit\Day-24-Arithmetic-Logic-Unit.csproj", "{B68C4F8B-2896-2655-34BA-22F76BE8ADEC}"
EndProject
Project("{FAE04EC0-301F-11D3-BF4B-00C04F79EFBC}") = "Day-25-Sea-Cucumber", "Day-25-Sea-Cucumber\Day-25-Sea-Cucumber.csproj", "{40A796B9-C0D7-A8EE-03A1-AB2E41F2734F}"
EndProject
Global
	GlobalSection(SolutionConfigurationPlatforms) = preSolution
		Debug|Any CPU = Debug|Any CPU
		Release|Any CPU = Release|Any CPU
	EndGlobalSection
	GlobalSection(ProjectConfigurationPlatforms) = postSolution
		{471E1093-1B40-F0E4-1056-5D4DC73B1747}.Debug|Any CPU.ActiveCfg = Debug|Any CPU
		{471E1093-1B40-F0E4-1056-5D4DC73B1747}.Debug|Any CPU.Build.0 = Debug|Any CPU
		{471E1093-1B40-F0E4-1056-5D4DC73B1747}.Release|Any CPU.ActiveCfg = Release|Any CPU
		{471E1093-1B40-F0E4-1056-5D4DC73B1747}.Release|Any CPU.Build.0 = Release|Any CPU
		{2CC69829-B403-D735-2439-0168010023FF}.Debug|Any CPU.ActiveCfg = Debug|Any CPU
		{2CC69829-B403-D735-2439-0168010023FF}.Debug|Any CPU.Build.0 = Debug|Any CPU
		{2CC69829-B403-D735-2439-0168010023FF}.Release|Any CPU.ActiveCfg = Release|Any CPU
		{2CC69829-B403-D735-2439-0168010023FF}.Release|Any CPU.Build.0 = Release|Any CPU
		{6876C67A-047E-EB9D-53BA-3C2930290B0A}.Debug|Any CPU.ActiveCfg = Debug|Any CPU
		{6876C67A-047E-EB9D-53BA-3C2930290B0A}.Debug|Any CPU.Build.0 = Debug|Any CPU
		{6876C67A-047E-EB9D-53BA-3C2930290B0A}.Release|Any CPU.ActiveCfg = Release|Any CPU
		{6876C67A-047E-EB9D-53BA-3C2930290B0A}.Release|Any CPU.Build.0 = Release|Any CPU
		{72652A8E-16B1-412C-4A63-5D85A1F3FA68}.Debug|Any CPU.ActiveCfg = Debug|Any CPU
		{72652A8E-16B1-412C-4A63-5D85A1F3FA68}.Debug|Any CPU.Build.0 = Debug|Any CPU
		{72652A8E-16B1-412C-4A63-5D85A1F3FA68}.Release|Any CPU.ActiveCfg = Release|Any CPU
		{72652A8E-16B1-412C-4A63-5D85A1F3FA68}.Release|Any CPU.Build.0 = Release|Any CPU
		{EDF0E386-6FC4-E5F3-BC81-EA10B96B89CE}.Debug|Any CPU.ActiveCfg = Debug|Any CPU
		{EDF0E386-6FC4-E5F3-BC81-EA10B96B89CE}.Debug|Any CPU.Build.0 = Debug|Any CPU
		{EDF0E386-6FC4-E5F3-BC81-EA10B96B89CE}.Release|Any CPU.ActiveCfg = Release|Any CPU
		{EDF0E386-6FC4-E5F3-BC81-EA10B96B89CE}.Release|Any CPU.Build.0 = Release|Any CPU
		{BC54AB20-6329-52EE-9303-6E320DBB0703}.Debug|Any CPU.ActiveCfg = Debug|Any CPU
		{BC54AB20-6329-52EE-9303-6E320DBB0703}.Debug|Any CPU.Build.0 = Debug|Any CPU
		{BC54AB20-6329-52EE-9303-6E320DBB0703}.Release|Any CPU.ActiveCfg = Release|Any CPU
		{BC54AB20-6329-52EE-9303-6E320DBB0703}.Release|Any CPU.Build.0 = Release|Any CPU
		{F08E3176-BE9A-E239-CD18-703EB9AF6D0C}.Debug|Any CPU.ActiveCfg = Debug|Any CPU
		{F08E3176-BE9A-E239-CD18-703EB9AF6D0C}.Debug|Any CPU.Build.0 = Debug|Any CPU
		{F08E3176-BE9A-E239-CD18-703EB9AF6D0C}.Release|Any CPU.ActiveCfg = Release|Any CPU
		{F08E3176-BE9A-E239-CD18-703EB9AF6D0C}.Release|Any CPU.Build.0 = Release|Any CPU
		{E431985A-603C-A417-C6B3-527D6F130362}.Debug|Any CPU.ActiveCfg = Debug|Any CPU
		{E431985A-603C-A417-C6B3-527D6F130362}.Debug|Any CPU.Build.0 = Debug|Any CPU
		{E431985A-603C-A417-C6B3-527D6F130362}.Release|Any CPU.ActiveCfg = Release|Any CPU
		{E431985A-603C-A417-C6B3-527D6F130362}.Release|Any CPU.Build.0 = Release|Any CPU
		{247AF59D-8CDE-0ED0-947D-02D8374972D0}.Debug|Any CPU.ActiveCfg = Debug|Any CPU
		{247AF59D-8CDE-0ED0-947D-02D8374972D0}.Debug|Any CPU.Build.0 = Debug|Any CPU
		{247AF59D-8CDE-0ED0-947D-02D8374972D0}.Release|Any CPU.ActiveCfg = Release|Any CPU
		{247AF59D-8CDE-0ED0-947D-02D8374972D0}.Release|Any CPU.Build.0 = Release|Any CPU
		{8A8BFD74-377A-2439-EB76-072C72A64130}.Debug|Any CPU.ActiveCfg = Debug|Any CPU
		{8A8BFD74-377A-2439-EB76-072C72A64130}.Debug|Any CPU.Build.0 = Debug|Any CPU
		{8A8BFD74-377A-2439-EB76-072C72A64130}.Release|Any CPU.ActiveCfg = Release|Any CPU
		{8A8BFD74-377A-2439-EB76-072C72A64130}.Release|Any CPU.Build.0 = Release|Any CPU
		{B8B56CCA-81F9-6F39-9AD0-FF6D7D514224}.Debug|Any CPU.ActiveCfg = Debug|Any CPU
		{B8B56CCA-81F9-6F39-9AD0-FF6D7D514224}.Debug|Any CPU.Build.0 = Debug|Any CPU
		{B8B56CCA-81F9-6F39-9AD0-FF6D7D514224}.Release|Any CPU.ActiveCfg = Release|Any CPU
		{B8B56CCA-81F9-6F39-9AD0-FF6D7D514224}.Release|Any CPU.Build.0 = Release|Any CPU
		{3A0E5395-51BC-7B26-B551-8CA13F7C6B61}.Debug|Any CPU.ActiveCfg = Debug|Any CPU
		{3A0E5395-51BC-7B26-B551-8CA13F7C6B61}.Debug|Any CPU.Build.0 = Debug|Any CPU
		{3A0E5395-51BC-7B26-B551-8CA13F7C6B61}.Release|Any CPU.ActiveCfg = Release|Any CPU
		{3A0E5395-51BC-7B26-B551-8CA13F7C6B61}.Release|Any CPU.Build.0 = Release|Any CPU
		{253ED379-7044-8055-5F28-2AE55CE90F27}.Debug|Any CPU.ActiveCfg = Debug|Any CPU
		{253ED379-7044-8055-5F28-2AE55CE90F27}.Debug|Any CPU.Build.0 = Debug|Any CPU
		{253ED379-7044-8055-5F28-2AE55CE90F27}.Release|Any CPU.ActiveCfg = Release|Any CPU
		{253ED379-7044-8055-5F28-2AE55CE90F27}.Release|Any CPU.Build.0 = Release|Any CPU
		{01CF2E1E-8A4B-D1CA-F270-C544934B3DEE}.Debug|Any CPU.ActiveCfg = Debug|Any CPU
		{01CF2E1E-8A4B-D1CA-F270-C544934B3DEE}.Debug|Any CPU.Build.0 = Debug|Any CPU
		{01CF2E1E-8A4B-D1CA-F270-C544934B3DEE}.Release|Any CPU.ActiveCfg = Release|Any CPU
		{01CF2E1E-8A4B-D1CA-F270-C544934B3DEE}.Release|Any CPU.Build.0 = Release|Any CPU
		{AE0C7E1D-2387-18F0-F3D5-05AC2F2443A6}.Debug|Any CPU.ActiveCfg = Debug|Any CPU
		{AE0C7E1D-2387-18F0-F3D5-05AC2F2443A6}.Debug|Any CPU.Build.0 = Debug|Any CPU
		{AE0C7E1D-2387-18F0-F3D5-05AC2F2443A6}.Release|Any CPU.ActiveCfg = Release|Any CPU
		{AE0C7E1D-2387-18F0-F3D5-05AC2F2443A6}.Release|Any CPU.Build.0 = Release|Any CPU
		{0CF6EA4D-EFFD-477C-6958-2E8DAB4CF400}.Debug|Any CPU.ActiveCfg = Debug|Any CPU
		{0CF6EA4D-EFFD-477C-6958-2E8DAB4CF400}.Debug|Any CPU.Build.0 = Debug|Any CPU
		{0CF6EA4D-EFFD-477C-6958-2E8DAB4CF400}.Release|Any CPU.ActiveCfg = Release|Any CPU
		{0CF6EA4D-EFFD-477C-6958-2E8DAB4CF400}.Release|Any CPU.Build.0 = Release|Any CPU
		{6EF6BAE3-73DF-2007-1226-61FA57C22C61}.Debug|Any CPU.ActiveCfg = Debug|Any CPU
		{6EF6BAE3-73DF-2007-1226-61FA57C22C61}.Debug|Any CPU.Build.0 = Debug|Any CPU
		{6EF6BAE3-73DF-2007-1226-61FA57C22C61}.Release|Any CPU.ActiveCfg = Release|Any CPU
		{6EF6BAE3-73DF-2007-1226-61FA57C22C61}.Release|Any CPU.Build.0 = Release|Any CPU
		{ED8477E5-DE07-928D-E36A-5CF1FE1D6DCB}.Debug|Any CPU.ActiveCfg = Debug|Any CPU
		{ED8477E5-DE07-928D-E36A-5CF1FE1D6DCB}.Debug|Any CPU.Build.0 = Debug|Any CPU
		{ED8477E5-DE07-928D-E36A-5CF1FE1D6DCB}.Release|Any CPU.ActiveCfg = Release|Any CPU
		{ED8477E5-DE07-928D-E36A-5CF1FE1D6DCB}.Release|Any CPU.Build.0 = Release|Any CPU
		{32358F61-A513-F659-880D-1261F26AAA3F}.Debug|Any CPU.ActiveCfg = Debug|Any CPU
		{32358F61-A513-F659-880D-1261F26AAA3F}.Debug|Any CPU.Build.0 = Debug|Any CPU
		{32358F61-A513-F659-880D-1261F26AAA3F}.Release|Any CPU.ActiveCfg = Release|Any CPU
		{32358F61-A513-F659-880D-1261F26AAA3F}.Release|Any CPU.Build.0 = Release|Any CPU
		{F2184441-13D5-9F51-5FD9-EA176937695D}.Debug|Any CPU.ActiveCfg = Debug|Any CPU
		{F2184441-13D5-9F51-5FD9-EA176937695D}.Debug|Any CPU.Build.0 = Debug|Any CPU
		{F2184441-13D5-9F51-5FD9-EA176937695D}.Release|Any CPU.ActiveCfg = Release|Any CPU
		{F2184441-13D5-9F51-5FD9-EA176937695D}.Release|Any CPU.Build.0 = Release|Any CPU
		{A5FC0CCE-42C5-991A-FD52-12874149D366}.Debug|Any CPU.ActiveCfg = Debug|Any CPU
		{A5FC0CCE-42C5-991A-FD52-12874149D366}.Debug|Any CPU.Build.0 = Debug|Any CPU
		{A5FC0CCE-42C5-991A-FD52-12874149D366}.Release|Any CPU.ActiveCfg = Release|Any CPU
		{A5FC0CCE-42C5-991A-FD52-12874149D366}.Release|Any CPU.Build.0 = Release|Any CPU
		{9A232A7B-F4FB-736F-A774-BED72BA58E28}.Debug|Any CPU.ActiveCfg = Debug|Any CPU
		{9A232A7B-F4FB-736F-A774-BED72BA58E28}.Debug|Any CPU.Build.0 = Debug|Any CPU
		{9A232A7B-F4FB-736F-A774-BED72BA58E28}.Release|Any CPU.ActiveCfg = Release|Any CPU
		{9A232A7B-F4FB-736F-A774-BED72BA58E28}.Release|Any CPU.Build.0 = Release|Any CPU
		{D66D2E06-5F98-93F1-2D4D-C8E140C4B5A5}.Debug|Any CPU.ActiveCfg = Debug|Any CPU
		{D66D2E06-5F98-93F1-2D4D-C8E140C4B5A5}.Debug|Any CPU.Build.0 = Debug|Any CPU
		{D66D2E06-5F98-93F1-2D4D-C8E140C4B5A5}.Release|Any CPU.ActiveCfg = Release|Any CPU
		{D66D2E06-5F98-93F1-2D4D-C8E140C4B5A5}.Release|Any CPU.Build.0 = Release|Any CPU
		{B68C4F8B-2896-2655-34BA-22F76BE8ADEC}.Debug|Any CPU.ActiveCfg = Debug|Any CPU
		{B68C4F8B-2896-2655-34BA-22F76BE8ADEC}.Debug|Any CPU.Build.0 = Debug|Any CPU
		{B68C4F8B-2896-2655-34BA-22F76BE8ADEC}.Release|Any CPU.ActiveCfg = Release|Any CPU
		{B68C4F8B-2896-2655-34BA-22F76BE8ADEC}.Release|Any CPU.Build.0 = Release|Any CPU
		{40A796B9-C0D7-A8EE-03A1-AB2E41F2734F}.Debug|Any CPU.ActiveCfg = Debug|Any CPU
		{40A796B9-C0D7-A8EE-03A1-AB2E41F2734F}.Debug|Any CPU.Build.0 = Debug|Any CPU
		{40A796B9-C0D7-A8EE-03A1-AB2E41F2734F}.Release|Any CPU.ActiveCfg = Release|Any CPU
		{40A796B9-C0D7-A8EE-03A1-AB2E41F2734F}.Release|Any CPU.Build.0 = Release|Any CPU
	EndGlobalSection
	GlobalSection(SolutionProperties) = preSolution
		HideSolutionNode = FALSE
	EndGlobalSection
	GlobalSection(ExtensibilityGlobals) = postSolution
		SolutionGuid = {9D0B3932-0149-4204-8618-9A83E77C587C}
	EndGlobalSection
EndGlobal
