Microsoft Visual Studio Solution File, Format Version 12.00
# 17
VisualStudioVersion = 17.11.35312.102
MinimumVisualStudioVersion = 10.0.40219.1
Project("{9A19103F-16F7-4668-BE54-9A1E7A4F7556}") = "Day 1 - Sonar Sweep", "Day 1 - Sonar Sweep\Day 1 - Sonar Sweep.csproj", "{98747752-2E45-429C-B401-B67D74ABA679}"
EndProject
Project("{2150E333-8FDC-42A3-9474-1A3956D46DE8}") = "Solution Items", "Solution Items", "{165B1A72-5469-4BE1-9699-F6308CB590E5}"
	ProjectSection(SolutionItems) = preProject
		.gitignore = .gitignore
		LICENSE = LICENSE
		README.md = README.md
	EndProjectSection
EndProject
Project("{9A19103F-16F7-4668-BE54-9A1E7A4F7556}") = "Day 2 - Dive!", "Day 2 - Dive!\Day 2 - Dive!.csproj", "{DDBD674C-BB47-4700-A5D2-326673F85F7F}"
EndProject
Project("{9A19103F-16F7-4668-BE54-9A1E7A4F7556}") = "Day 3 - Binary Diagnostic", "Day 3 - Binary Diagnostic\Day 3 - Binary Diagnostic.csproj", "{0CC0BE14-6ADA-4B72-B625-C7571B1AFB5A}"
EndProject
Project("{9A19103F-16F7-4668-BE54-9A1E7A4F7556}") = "Day 4 - Giant Squid", "Day 4 - Giant Squid\Day 4 - Giant Squid.csproj", "{8885918E-CAB7-4835-AB09-55CAD342106D}"
EndProject
Project("{9A19103F-16F7-4668-BE54-9A1E7A4F7556}") = "Day 5 - Hydrothermal Venture", "Day 5 - Hydrothermal Venture\Day 5 - Hydrothermal Venture.csproj", "{020AE9B6-D0FB-4E91-B3B9-9768A3F16745}"
EndProject
Project("{9A19103F-16F7-4668-BE54-9A1E7A4F7556}") = "Day 6 - Lanternfish", "Day 6 - Lanternfish\Day 6 - Lanternfish.csproj", "{75F3D572-C56B-4A2E-90AA-ACAF53B87821}"
EndProject
Project("{9A19103F-16F7-4668-BE54-9A1E7A4F7556}") = "Day 7 - The Treachery of Whales", "Day 7 - The Treachery of Whales\Day 7 - The Treachery of Whales.csproj", "{7369D080-3A94-42A6-A51B-BFF118D6D3C1}"
EndProject
Project("{9A19103F-16F7-4668-BE54-9A1E7A4F7556}") = "Day 8 - Seven Segment Search", "Day 8 - Seven Segment Search\Day 8 - Seven Segment Search.csproj", "{3E5CDB25-B997-415F-971F-3A27EF6E75AD}"
EndProject
Project("{9A19103F-16F7-4668-BE54-9A1E7A4F7556}") = "Day 9 - Smoke Basin", "Day 9 - Smoke Basin\Day 9 - Smoke Basin.csproj", "{E922CD37-494E-447A-9F03-CC0C95AA47EC}"
EndProject
Project("{9A19103F-16F7-4668-BE54-9A1E7A4F7556}") = "Day 10 - Syntax Scoring", "Day 10 - Syntax Scoring\Day 10 - Syntax Scoring.csproj", "{62549168-E03E-421B-97D6-FC0E9885208E}"
EndProject
Project("{9A19103F-16F7-4668-BE54-9A1E7A4F7556}") = "Day 11 - Dumbo Octopus", "Day 11 - Dumbo Octopus\Day 11 - Dumbo Octopus.csproj", "{AFAEB285-53BE-43CF-B08B-CEAC58482518}"
EndProject
Project("{9A19103F-16F7-4668-BE54-9A1E7A4F7556}") = "Day 12 - Passage Pathing", "Day 12 - Passage Pathing\Day 12 - Passage Pathing.csproj", "{D54E6E7B-284B-4A58-AC59-49F4D6F5790A}"
EndProject
Project("{9A19103F-16F7-4668-BE54-9A1E7A4F7556}") = "Day 13 - Transparent Origami", "Day 13 - Transparent Origami\Day 13 - Transparent Origami.csproj", "{55E9336B-489A-47DB-B2D1-6194532D5192}"
EndProject
Project("{9A19103F-16F7-4668-BE54-9A1E7A4F7556}") = "Day 14 - Extended Polymerization", "Day 14 - Extended Polymerization\Day 14 - Extended Polymerization.csproj", "{BCFA506F-A3CC-4CC3-8FEB-B092027381C6}"
EndProject
Project("{9A19103F-16F7-4668-BE54-9A1E7A4F7556}") = "Day 15 - Chiton", "Day 15 - Chiton\Day 15 - Chiton.csproj", "{A30BB7A9-7C0F-4BBF-82EC-44EBF802D32F}"
EndProject
Project("{9A19103F-16F7-4668-BE54-9A1E7A4F7556}") = "Day 16 - Packet Decoder", "Day 16 - Packet Decoder\Day 16 - Packet Decoder.csproj", "{9FFE4DB1-4B72-4177-8D91-8DCB56BECDE7}"
EndProject
Project("{9A19103F-16F7-4668-BE54-9A1E7A4F7556}") = "Day 17 - Trick Shot", "Day 17 - Trick Shot\Day 17 - Trick Shot.csproj", "{447AE0C9-7C4A-4C7B-B1A5-189829B5275E}"
EndProject
Project("{9A19103F-16F7-4668-BE54-9A1E7A4F7556}") = "Day 18 - Snailfish", "Day 18 - Snailfish\Day 18 - Snailfish.csproj", "{0023290D-D94E-4524-B700-B056B68D4CF6}"
EndProject
Project("{9A19103F-16F7-4668-BE54-9A1E7A4F7556}") = "Day 19 - Beacon Scanner", "Day 19 - Beacon Scanner\Day 19 - Beacon Scanner.csproj", "{41FEBF3C-78F2-48FD-B37C-40713ED5B650}"
EndProject
Project("{9A19103F-16F7-4668-BE54-9A1E7A4F7556}") = "Day 20 - Trench Map", "Day 20 - Trench Map\Day 20 - Trench Map.csproj", "{F521D7ED-E6D3-4ADC-8721-B8F0488E6716}"
EndProject
Project("{FAE04EC0-301F-11D3-BF4B-00C04F79EFBC}") = "Day 21 - Dirac Dice", "Day 21 - Dirac Dice\Day 21 - Dirac Dice.csproj", "{1B545005-3809-4B2E-9A9C-1AACB5B6AF09}"
EndProject
Global
	GlobalSection(SolutionConfigurationPlatforms) = preSolution
		Debug|Any CPU = Debug|Any CPU
		Release|Any CPU = Release|Any CPU
	EndGlobalSection
	GlobalSection(ProjectConfigurationPlatforms) = postSolution
		{98747752-2E45-429C-B401-B67D74ABA679}.Debug|Any CPU.ActiveCfg = Debug|Any CPU
		{98747752-2E45-429C-B401-B67D74ABA679}.Debug|Any CPU.Build.0 = Debug|Any CPU
		{98747752-2E45-429C-B401-B67D74ABA679}.Release|Any CPU.ActiveCfg = Release|Any CPU
		{98747752-2E45-429C-B401-B67D74ABA679}.Release|Any CPU.Build.0 = Release|Any CPU
		{DDBD674C-BB47-4700-A5D2-326673F85F7F}.Debug|Any CPU.ActiveCfg = Debug|Any CPU
		{DDBD674C-BB47-4700-A5D2-326673F85F7F}.Debug|Any CPU.Build.0 = Debug|Any CPU
		{DDBD674C-BB47-4700-A5D2-326673F85F7F}.Release|Any CPU.ActiveCfg = Release|Any CPU
		{DDBD674C-BB47-4700-A5D2-326673F85F7F}.Release|Any CPU.Build.0 = Release|Any CPU
		{0CC0BE14-6ADA-4B72-B625-C7571B1AFB5A}.Debug|Any CPU.ActiveCfg = Debug|Any CPU
		{0CC0BE14-6ADA-4B72-B625-C7571B1AFB5A}.Debug|Any CPU.Build.0 = Debug|Any CPU
		{0CC0BE14-6ADA-4B72-B625-C7571B1AFB5A}.Release|Any CPU.ActiveCfg = Release|Any CPU
		{0CC0BE14-6ADA-4B72-B625-C7571B1AFB5A}.Release|Any CPU.Build.0 = Release|Any CPU
		{8885918E-CAB7-4835-AB09-55CAD342106D}.Debug|Any CPU.ActiveCfg = Debug|Any CPU
		{8885918E-CAB7-4835-AB09-55CAD342106D}.Debug|Any CPU.Build.0 = Debug|Any CPU
		{8885918E-CAB7-4835-AB09-55CAD342106D}.Release|Any CPU.ActiveCfg = Release|Any CPU
		{8885918E-CAB7-4835-AB09-55CAD342106D}.Release|Any CPU.Build.0 = Release|Any CPU
		{020AE9B6-D0FB-4E91-B3B9-9768A3F16745}.Debug|Any CPU.ActiveCfg = Debug|Any CPU
		{020AE9B6-D0FB-4E91-B3B9-9768A3F16745}.Debug|Any CPU.Build.0 = Debug|Any CPU
		{020AE9B6-D0FB-4E91-B3B9-9768A3F16745}.Release|Any CPU.ActiveCfg = Release|Any CPU
		{020AE9B6-D0FB-4E91-B3B9-9768A3F16745}.Release|Any CPU.Build.0 = Release|Any CPU
		{75F3D572-C56B-4A2E-90AA-ACAF53B87821}.Debug|Any CPU.ActiveCfg = Debug|Any CPU
		{75F3D572-C56B-4A2E-90AA-ACAF53B87821}.Debug|Any CPU.Build.0 = Debug|Any CPU
		{75F3D572-C56B-4A2E-90AA-ACAF53B87821}.Release|Any CPU.ActiveCfg = Release|Any CPU
		{75F3D572-C56B-4A2E-90AA-ACAF53B87821}.Release|Any CPU.Build.0 = Release|Any CPU
		{7369D080-3A94-42A6-A51B-BFF118D6D3C1}.Debug|Any CPU.ActiveCfg = Debug|Any CPU
		{7369D080-3A94-42A6-A51B-BFF118D6D3C1}.Debug|Any CPU.Build.0 = Debug|Any CPU
		{7369D080-3A94-42A6-A51B-BFF118D6D3C1}.Release|Any CPU.ActiveCfg = Release|Any CPU
		{7369D080-3A94-42A6-A51B-BFF118D6D3C1}.Release|Any CPU.Build.0 = Release|Any CPU
		{3E5CDB25-B997-415F-971F-3A27EF6E75AD}.Debug|Any CPU.ActiveCfg = Debug|Any CPU
		{3E5CDB25-B997-415F-971F-3A27EF6E75AD}.Debug|Any CPU.Build.0 = Debug|Any CPU
		{3E5CDB25-B997-415F-971F-3A27EF6E75AD}.Release|Any CPU.ActiveCfg = Release|Any CPU
		{3E5CDB25-B997-415F-971F-3A27EF6E75AD}.Release|Any CPU.Build.0 = Release|Any CPU
		{E922CD37-494E-447A-9F03-CC0C95AA47EC}.Debug|Any CPU.ActiveCfg = Debug|Any CPU
		{E922CD37-494E-447A-9F03-CC0C95AA47EC}.Debug|Any CPU.Build.0 = Debug|Any CPU
		{E922CD37-494E-447A-9F03-CC0C95AA47EC}.Release|Any CPU.ActiveCfg = Release|Any CPU
		{E922CD37-494E-447A-9F03-CC0C95AA47EC}.Release|Any CPU.Build.0 = Release|Any CPU
		{62549168-E03E-421B-97D6-FC0E9885208E}.Debug|Any CPU.ActiveCfg = Debug|Any CPU
		{62549168-E03E-421B-97D6-FC0E9885208E}.Debug|Any CPU.Build.0 = Debug|Any CPU
		{62549168-E03E-421B-97D6-FC0E9885208E}.Release|Any CPU.ActiveCfg = Release|Any CPU
		{62549168-E03E-421B-97D6-FC0E9885208E}.Release|Any CPU.Build.0 = Release|Any CPU
		{AFAEB285-53BE-43CF-B08B-CEAC58482518}.Debug|Any CPU.ActiveCfg = Debug|Any CPU
		{AFAEB285-53BE-43CF-B08B-CEAC58482518}.Debug|Any CPU.Build.0 = Debug|Any CPU
		{AFAEB285-53BE-43CF-B08B-CEAC58482518}.Release|Any CPU.ActiveCfg = Release|Any CPU
		{AFAEB285-53BE-43CF-B08B-CEAC58482518}.Release|Any CPU.Build.0 = Release|Any CPU
		{D54E6E7B-284B-4A58-AC59-49F4D6F5790A}.Debug|Any CPU.ActiveCfg = Debug|Any CPU
		{D54E6E7B-284B-4A58-AC59-49F4D6F5790A}.Debug|Any CPU.Build.0 = Debug|Any CPU
		{D54E6E7B-284B-4A58-AC59-49F4D6F5790A}.Release|Any CPU.ActiveCfg = Release|Any CPU
		{D54E6E7B-284B-4A58-AC59-49F4D6F5790A}.Release|Any CPU.Build.0 = Release|Any CPU
		{55E9336B-489A-47DB-B2D1-6194532D5192}.Debug|Any CPU.ActiveCfg = Debug|Any CPU
		{55E9336B-489A-47DB-B2D1-6194532D5192}.Debug|Any CPU.Build.0 = Debug|Any CPU
		{55E9336B-489A-47DB-B2D1-6194532D5192}.Release|Any CPU.ActiveCfg = Release|Any CPU
		{55E9336B-489A-47DB-B2D1-6194532D5192}.Release|Any CPU.Build.0 = Release|Any CPU
		{BCFA506F-A3CC-4CC3-8FEB-B092027381C6}.Debug|Any CPU.ActiveCfg = Debug|Any CPU
		{BCFA506F-A3CC-4CC3-8FEB-B092027381C6}.Debug|Any CPU.Build.0 = Debug|Any CPU
		{BCFA506F-A3CC-4CC3-8FEB-B092027381C6}.Release|Any CPU.ActiveCfg = Release|Any CPU
		{BCFA506F-A3CC-4CC3-8FEB-B092027381C6}.Release|Any CPU.Build.0 = Release|Any CPU
		{A30BB7A9-7C0F-4BBF-82EC-44EBF802D32F}.Debug|Any CPU.ActiveCfg = Debug|Any CPU
		{A30BB7A9-7C0F-4BBF-82EC-44EBF802D32F}.Debug|Any CPU.Build.0 = Debug|Any CPU
		{A30BB7A9-7C0F-4BBF-82EC-44EBF802D32F}.Release|Any CPU.ActiveCfg = Release|Any CPU
		{A30BB7A9-7C0F-4BBF-82EC-44EBF802D32F}.Release|Any CPU.Build.0 = Release|Any CPU
		{9FFE4DB1-4B72-4177-8D91-8DCB56BECDE7}.Debug|Any CPU.ActiveCfg = Debug|Any CPU
		{9FFE4DB1-4B72-4177-8D91-8DCB56BECDE7}.Debug|Any CPU.Build.0 = Debug|Any CPU
		{9FFE4DB1-4B72-4177-8D91-8DCB56BECDE7}.Release|Any CPU.ActiveCfg = Release|Any CPU
		{9FFE4DB1-4B72-4177-8D91-8DCB56BECDE7}.Release|Any CPU.Build.0 = Release|Any CPU
		{447AE0C9-7C4A-4C7B-B1A5-189829B5275E}.Debug|Any CPU.ActiveCfg = Debug|Any CPU
		{447AE0C9-7C4A-4C7B-B1A5-189829B5275E}.Debug|Any CPU.Build.0 = Debug|Any CPU
		{447AE0C9-7C4A-4C7B-B1A5-189829B5275E}.Release|Any CPU.ActiveCfg = Release|Any CPU
		{447AE0C9-7C4A-4C7B-B1A5-189829B5275E}.Release|Any CPU.Build.0 = Release|Any CPU
		{0023290D-D94E-4524-B700-B056B68D4CF6}.Debug|Any CPU.ActiveCfg = Debug|Any CPU
		{0023290D-D94E-4524-B700-B056B68D4CF6}.Debug|Any CPU.Build.0 = Debug|Any CPU
		{0023290D-D94E-4524-B700-B056B68D4CF6}.Release|Any CPU.ActiveCfg = Release|Any CPU
		{0023290D-D94E-4524-B700-B056B68D4CF6}.Release|Any CPU.Build.0 = Release|Any CPU
		{41FEBF3C-78F2-48FD-B37C-40713ED5B650}.Debug|Any CPU.ActiveCfg = Debug|Any CPU
		{41FEBF3C-78F2-48FD-B37C-40713ED5B650}.Debug|Any CPU.Build.0 = Debug|Any CPU
		{41FEBF3C-78F2-48FD-B37C-40713ED5B650}.Release|Any CPU.ActiveCfg = Release|Any CPU
		{41FEBF3C-78F2-48FD-B37C-40713ED5B650}.Release|Any CPU.Build.0 = Release|Any CPU
		{F521D7ED-E6D3-4ADC-8721-B8F0488E6716}.Debug|Any CPU.ActiveCfg = Debug|Any CPU
		{F521D7ED-E6D3-4ADC-8721-B8F0488E6716}.Debug|Any CPU.Build.0 = Debug|Any CPU
		{F521D7ED-E6D3-4ADC-8721-B8F0488E6716}.Release|Any CPU.ActiveCfg = Release|Any CPU
		{F521D7ED-E6D3-4ADC-8721-B8F0488E6716}.Release|Any CPU.Build.0 = Release|Any CPU
		{1B545005-3809-4B2E-9A9C-1AACB5B6AF09}.Debug|Any CPU.ActiveCfg = Debug|Any CPU
		{1B545005-3809-4B2E-9A9C-1AACB5B6AF09}.Debug|Any CPU.Build.0 = Debug|Any CPU
		{1B545005-3809-4B2E-9A9C-1AACB5B6AF09}.Release|Any CPU.ActiveCfg = Release|Any CPU
		{1B545005-3809-4B2E-9A9C-1AACB5B6AF09}.Release|Any CPU.Build.0 = Release|Any CPU
	EndGlobalSection
	GlobalSection(SolutionProperties) = preSolution
		HideSolutionNode = FALSE
	EndGlobalSection
	GlobalSection(ExtensibilityGlobals) = postSolution
		SolutionGuid = {9D0B3932-0149-4204-8618-9A83E77C587C}
	EndGlobalSection
EndGlobal
