<Solution>
    <Folder Name="/items/">
        <File Path=".gitignore" />
        <File Path="LICENSE" />
        <File Path="README.md" />
    </Folder>
    <Folder Name="/src/">
        <Project Path="src/Day-01-Sonar-Sweep/Day-01-Sonar-Sweep.csproj" />
        <Project Path="src/Day-02-Dive!/Day-02-Dive!.csproj" />
        <Project Path="src/Day-03-Binary-Diagnostic/Day-03-Binary-Diagnostic.csproj" />
        <Project Path="src/Day-04-Giant-Squid/Day-04-Giant-Squid.csproj" />
        <Project Path="src/Day-05-Hydrothermal-Venture/Day-05-Hydrothermal-Venture.csproj" />
        <Project Path="src/Day-06-Lanternfish/Day-06-Lanternfish.csproj" />
        <Project Path="src/Day-07-The-Treachery-of-Whales/Day-07-The-Treachery-of-Whales.csproj" />
        <Project Path="src/Day-08-Seven-Segment-Search/Day-08-Seven-Segment-Search.csproj" />
        <Project Path="src/Day-09-Smoke-Basin/Day-09-Smoke-Basin.csproj" />
        <Project Path="src/Day-10-Syntax-Scoring/Day-10-Syntax-Scoring.csproj" />
        <Project Path="src/Day-11-Dumbo-Octopus/Day-11-Dumbo-Octopus.csproj" />
        <Project Path="src/Day-12-Passage-Pathing/Day-12-Passage-Pathing.csproj" />
        <Project Path="src/Day-13-Transparent-Origami/Day-13-Transparent-Origami.csproj" />
        <Project Path="src/Day-14-Extended-Polymerization/Day-14-Extended-Polymerization.csproj" />
        <Project Path="src/Day-15-Chiton/Day-15-Chiton.csproj" />
        <Project Path="src/Day-16-Packet-Decoder/Day-16-Packet-Decoder.csproj" />
        <Project Path="src/Day-17-Trick-Shot/Day-17-Trick-Shot.csproj" />
        <Project Path="src/Day-18-Snailfish/Day-18-Snailfish.csproj" />
        <Project Path="src/Day-19-Beacon-Scanner/Day-19-Beacon-Scanner.csproj" />
        <Project Path="src/Day-20-Trench-Map/Day-20-Trench-Map.csproj" />
        <Project Path="src/Day-21-Dirac-Dice/Day-21-Dirac-Dice.csproj" />
        <Project Path="src/Day-22-Reactor-Reboot/Day-22-Reactor-Reboot.csproj" />
        <Project Path="src/Day-23-Amphipod/Day-23-Amphipod.csproj" />
        <Project Path="src/Day-24-Arithmetic-Logic-Unit/Day-24-Arithmetic-Logic-Unit.csproj" />
        <Project Path="src/Day-25-Sea-Cucumber/Day-25-Sea-Cucumber.csproj" />
    </Folder>
</Solution>